
Microsoft Visual Studio Solution File, Format Version 12.00
# Visual Studio Version 16
VisualStudioVersion = 16.0.32228.343
MinimumVisualStudioVersion = 10.0.40219.1
Project("{FAE04EC0-301F-11D3-BF4B-00C04F79EFBC}") = "JobLessonOOP02v06Part05", "JobLessonOOP02v06Part01\JobLessonOOP02v06Part05.csproj", "{D197F397-E026-492D-AECD-B1830E414DFD}"
EndProject
Global
	GlobalSection(SolutionConfigurationPlatforms) = preSolution
		Debug|Any CPU = Debug|Any CPU
		Release|Any CPU = Release|Any CPU
	EndGlobalSection
	GlobalSection(ProjectConfigurationPlatforms) = postSolution
		{D197F397-E026-492D-AECD-B1830E414DFD}.Debug|Any CPU.ActiveCfg = Debug|Any CPU
		{D197F397-E026-492D-AECD-B1830E414DFD}.Debug|Any CPU.Build.0 = Debug|Any CPU
		{D197F397-E026-492D-AECD-B1830E414DFD}.Release|Any CPU.ActiveCfg = Release|Any CPU
		{D197F397-E026-492D-AECD-B1830E414DFD}.Release|Any CPU.Build.0 = Release|Any CPU
	EndGlobalSection
	GlobalSection(SolutionProperties) = preSolution
		HideSolutionNode = FALSE
	EndGlobalSection
	GlobalSection(ExtensibilityGlobals) = postSolution
		SolutionGuid = {9B4560B2-88F1-4AB1-B584-600680A6CC50}
	EndGlobalSection
EndGlobal
